{
  "name": "nightive",
  "version": "1.0.0",
  "lockfileVersion": 1,
  "dependencies": {
    "accounting": {
      "version": "0.4.1",
      "resolved": "http://registry.npm.taobao.org/accounting/download/accounting-0.4.1.tgz",
      "integrity": "sha1-h91BA+/39EYPHhhvXGd+1s9WaIM="
    },
    "ramda": {
      "version": "0.24.1",
      "resolved": "http://registry.npm.taobao.org/ramda/download/ramda-0.24.1.tgz",
      "integrity": "sha1-w7d1UZfzW43DUCIoJixMkd22uFc="
    }
  }
}
